{
  "name": "document-converter",
  "version": "1.0.0",
  "lockfileVersion": 1,
  "requires": true,
  "dependencies": {
    "node-pandoc": {
      "version": "0.3.0",
      "resolved": "https://registry.npmjs.org/node-pandoc/-/node-pandoc-0.3.0.tgz",
      "integrity": "sha1-1GV3zQpyr0FTU/y4oBF622JC+cg="
    }
  }
}
